Microsoft Visual Studio Solution File, Format Version 12.00
# Visual Studio Version 17
VisualStudioVersion = 17.5.2.0
MinimumVisualStudioVersion = 10.0.40219.1
Project("{FAE04EC0-301F-11D3-BF4B-00C04F79EFBC}") = "Day34InsertionSort", "Day34InsertionSort.csproj", "{9BF4EC6C-F0E4-CD37-6225-1813EA53156E}"
EndProject
Global
	GlobalSection(SolutionConfigurationPlatforms) = preSolution
		Debug|Any CPU = Debug|Any CPU
		Release|Any CPU = Release|Any CPU
	EndGlobalSection
	GlobalSection(ProjectConfigurationPlatforms) = postSolution
		{9BF4EC6C-F0E4-CD37-6225-1813EA53156E}.Debug|Any CPU.ActiveCfg = Debug|Any CPU
		{9BF4EC6C-F0E4-CD37-6225-1813EA53156E}.Debug|Any CPU.Build.0 = Debug|Any CPU
		{9BF4EC6C-F0E4-CD37-6225-1813EA53156E}.Release|Any CPU.ActiveCfg = Release|Any CPU
		{9BF4EC6C-F0E4-CD37-6225-1813EA53156E}.Release|Any CPU.Build.0 = Release|Any CPU
	EndGlobalSection
	GlobalSection(SolutionProperties) = preSolution
		HideSolutionNode = FALSE
	EndGlobalSection
	GlobalSection(ExtensibilityGlobals) = postSolution
		SolutionGuid = {2FF4BC7C-EDF8-449E-A795-D0312FC68271}
	EndGlobalSection
EndGlobal
