Microsoft Visual Studio Solution File, Format Version 12.00
# Visual Studio Version 17
VisualStudioVersion = 17.5.2.0
MinimumVisualStudioVersion = 10.0.40219.1
Project("{FAE04EC0-301F-11D3-BF4B-00C04F79EFBC}") = "Day21TicTacToeStarter", "Day21TicTacToeStarter.csproj", "{C95F5C64-C671-5F22-9A3E-8D8DCF93B193}"
EndProject
Global
	GlobalSection(SolutionConfigurationPlatforms) = preSolution
		Debug|Any CPU = Debug|Any CPU
		Release|Any CPU = Release|Any CPU
	EndGlobalSection
	GlobalSection(ProjectConfigurationPlatforms) = postSolution
		{C95F5C64-C671-5F22-9A3E-8D8DCF93B193}.Debug|Any CPU.ActiveCfg = Debug|Any CPU
		{C95F5C64-C671-5F22-9A3E-8D8DCF93B193}.Debug|Any CPU.Build.0 = Debug|Any CPU
		{C95F5C64-C671-5F22-9A3E-8D8DCF93B193}.Release|Any CPU.ActiveCfg = Release|Any CPU
		{C95F5C64-C671-5F22-9A3E-8D8DCF93B193}.Release|Any CPU.Build.0 = Release|Any CPU
	EndGlobalSection
	GlobalSection(SolutionProperties) = preSolution
		HideSolutionNode = FALSE
	EndGlobalSection
	GlobalSection(ExtensibilityGlobals) = postSolution
		SolutionGuid = {22C865D3-6F5B-4C01-9172-5511D67EEF11}
	EndGlobalSection
EndGlobal
