Microsoft Visual Studio Solution File, Format Version 12.00
# Visual Studio Version 17
VisualStudioVersion = 17.5.2.0
MinimumVisualStudioVersion = 10.0.40219.1
Project("{FAE04EC0-301F-11D3-BF4B-00C04F79EFBC}") = "Day38PackagesAndLibraries", "Day38PackagesAndLibraries.csproj", "{F5492E74-8071-458F-E559-04689FE0B941}"
EndProject
Global
	GlobalSection(SolutionConfigurationPlatforms) = preSolution
		Debug|Any CPU = Debug|Any CPU
		Release|Any CPU = Release|Any CPU
	EndGlobalSection
	GlobalSection(ProjectConfigurationPlatforms) = postSolution
		{F5492E74-8071-458F-E559-04689FE0B941}.Debug|Any CPU.ActiveCfg = Debug|Any CPU
		{F5492E74-8071-458F-E559-04689FE0B941}.Debug|Any CPU.Build.0 = Debug|Any CPU
		{F5492E74-8071-458F-E559-04689FE0B941}.Release|Any CPU.ActiveCfg = Release|Any CPU
		{F5492E74-8071-458F-E559-04689FE0B941}.Release|Any CPU.Build.0 = Release|Any CPU
	EndGlobalSection
	GlobalSection(SolutionProperties) = preSolution
		HideSolutionNode = FALSE
	EndGlobalSection
	GlobalSection(ExtensibilityGlobals) = postSolution
		SolutionGuid = {641C3046-3C9A-49EF-A68C-104EBC3BD8BF}
	EndGlobalSection
EndGlobal
