Microsoft Visual Studio Solution File, Format Version 12.00
# Visual Studio Version 17
VisualStudioVersion = 17.5.2.0
MinimumVisualStudioVersion = 10.0.40219.1
Project("{FAE04EC0-301F-11D3-BF4B-00C04F79EFBC}") = "Day24DotnetStackQueueDemo", "Day24DotnetStackQueueDemo.csproj", "{79FE837E-785B-6024-5832-367CB45A451F}"
EndProject
Global
	GlobalSection(SolutionConfigurationPlatforms) = preSolution
		Debug|Any CPU = Debug|Any CPU
		Release|Any CPU = Release|Any CPU
	EndGlobalSection
	GlobalSection(ProjectConfigurationPlatforms) = postSolution
		{79FE837E-785B-6024-5832-367CB45A451F}.Debug|Any CPU.ActiveCfg = Debug|Any CPU
		{79FE837E-785B-6024-5832-367CB45A451F}.Debug|Any CPU.Build.0 = Debug|Any CPU
		{79FE837E-785B-6024-5832-367CB45A451F}.Release|Any CPU.ActiveCfg = Release|Any CPU
		{79FE837E-785B-6024-5832-367CB45A451F}.Release|Any CPU.Build.0 = Release|Any CPU
	EndGlobalSection
	GlobalSection(SolutionProperties) = preSolution
		HideSolutionNode = FALSE
	EndGlobalSection
	GlobalSection(ExtensibilityGlobals) = postSolution
		SolutionGuid = {B0826773-7CA4-4C92-85E6-10C3A22B466A}
	EndGlobalSection
EndGlobal
