Microsoft Visual Studio Solution File, Format Version 12.00
# Visual Studio Version 17
VisualStudioVersion = 17.5.2.0
MinimumVisualStudioVersion = 10.0.40219.1
Project("{FAE04EC0-301F-11D3-BF4B-00C04F79EFBC}") = "Day5Arrays", "Day5Arrays.csproj", "{EA709C73-C518-557D-B90C-592E02697D0B}"
EndProject
Global
	GlobalSection(SolutionConfigurationPlatforms) = preSolution
		Debug|Any CPU = Debug|Any CPU
		Release|Any CPU = Release|Any CPU
	EndGlobalSection
	GlobalSection(ProjectConfigurationPlatforms) = postSolution
		{EA709C73-C518-557D-B90C-592E02697D0B}.Debug|Any CPU.ActiveCfg = Debug|Any CPU
		{EA709C73-C518-557D-B90C-592E02697D0B}.Debug|Any CPU.Build.0 = Debug|Any CPU
		{EA709C73-C518-557D-B90C-592E02697D0B}.Release|Any CPU.ActiveCfg = Release|Any CPU
		{EA709C73-C518-557D-B90C-592E02697D0B}.Release|Any CPU.Build.0 = Release|Any CPU
	EndGlobalSection
	GlobalSection(SolutionProperties) = preSolution
		HideSolutionNode = FALSE
	EndGlobalSection
	GlobalSection(ExtensibilityGlobals) = postSolution
		SolutionGuid = {514AA3F3-73EC-415B-84FF-23D8547A6774}
	EndGlobalSection
EndGlobal
