Microsoft Visual Studio Solution File, Format Version 12.00
# Visual Studio Version 17
VisualStudioVersion = 17.5.2.0
MinimumVisualStudioVersion = 10.0.40219.1
Project("{FAE04EC0-301F-11D3-BF4B-00C04F79EFBC}") = "Day5Methods", "Day5Methods.csproj", "{8C3051FB-2D9A-C178-B817-A80D1BEB401E}"
EndProject
Global
	GlobalSection(SolutionConfigurationPlatforms) = preSolution
		Debug|Any CPU = Debug|Any CPU
		Release|Any CPU = Release|Any CPU
	EndGlobalSection
	GlobalSection(ProjectConfigurationPlatforms) = postSolution
		{8C3051FB-2D9A-C178-B817-A80D1BEB401E}.Debug|Any CPU.ActiveCfg = Debug|Any CPU
		{8C3051FB-2D9A-C178-B817-A80D1BEB401E}.Debug|Any CPU.Build.0 = Debug|Any CPU
		{8C3051FB-2D9A-C178-B817-A80D1BEB401E}.Release|Any CPU.ActiveCfg = Release|Any CPU
		{8C3051FB-2D9A-C178-B817-A80D1BEB401E}.Release|Any CPU.Build.0 = Release|Any CPU
	EndGlobalSection
	GlobalSection(SolutionProperties) = preSolution
		HideSolutionNode = FALSE
	EndGlobalSection
	GlobalSection(ExtensibilityGlobals) = postSolution
		SolutionGuid = {15D6E6B9-5333-4CCF-AFC5-EA5FA078C54B}
	EndGlobalSection
EndGlobal
