Microsoft Visual Studio Solution File, Format Version 12.00
# Visual Studio Version 17
VisualStudioVersion = 17.5.2.0
MinimumVisualStudioVersion = 10.0.40219.1
Project("{FAE04EC0-301F-11D3-BF4B-00C04F79EFBC}") = "Day07IntroToOOP", "Day07IntroToOOP.csproj", "{A7E49CB0-13FC-FD6B-8107-A5C193E3C61F}"
EndProject
Global
	GlobalSection(SolutionConfigurationPlatforms) = preSolution
		Debug|Any CPU = Debug|Any CPU
		Release|Any CPU = Release|Any CPU
	EndGlobalSection
	GlobalSection(ProjectConfigurationPlatforms) = postSolution
		{A7E49CB0-13FC-FD6B-8107-A5C193E3C61F}.Debug|Any CPU.ActiveCfg = Debug|Any CPU
		{A7E49CB0-13FC-FD6B-8107-A5C193E3C61F}.Debug|Any CPU.Build.0 = Debug|Any CPU
		{A7E49CB0-13FC-FD6B-8107-A5C193E3C61F}.Release|Any CPU.ActiveCfg = Release|Any CPU
		{A7E49CB0-13FC-FD6B-8107-A5C193E3C61F}.Release|Any CPU.Build.0 = Release|Any CPU
	EndGlobalSection
	GlobalSection(SolutionProperties) = preSolution
		HideSolutionNode = FALSE
	EndGlobalSection
	GlobalSection(ExtensibilityGlobals) = postSolution
		SolutionGuid = {4208F6C5-D9CA-4CE4-B868-E46307EA9B5A}
	EndGlobalSection
EndGlobal
