Microsoft Visual Studio Solution File, Format Version 12.00
# Visual Studio Version 17
VisualStudioVersion = 17.5.2.0
MinimumVisualStudioVersion = 10.0.40219.1
Project("{FAE04EC0-301F-11D3-BF4B-00C04F79EFBC}") = "Day06TryCatch", "Day06TryCatch.csproj", "{65394B23-DD65-9798-9066-19623B1AF48E}"
EndProject
Global
	GlobalSection(SolutionConfigurationPlatforms) = preSolution
		Debug|Any CPU = Debug|Any CPU
		Release|Any CPU = Release|Any CPU
	EndGlobalSection
	GlobalSection(ProjectConfigurationPlatforms) = postSolution
		{65394B23-DD65-9798-9066-19623B1AF48E}.Debug|Any CPU.ActiveCfg = Debug|Any CPU
		{65394B23-DD65-9798-9066-19623B1AF48E}.Debug|Any CPU.Build.0 = Debug|Any CPU
		{65394B23-DD65-9798-9066-19623B1AF48E}.Release|Any CPU.ActiveCfg = Release|Any CPU
		{65394B23-DD65-9798-9066-19623B1AF48E}.Release|Any CPU.Build.0 = Release|Any CPU
	EndGlobalSection
	GlobalSection(SolutionProperties) = preSolution
		HideSolutionNode = FALSE
	EndGlobalSection
	GlobalSection(ExtensibilityGlobals) = postSolution
		SolutionGuid = {4C4E4121-E0C3-45FB-8DC4-CC1D03F41EE3}
	EndGlobalSection
EndGlobal
