Microsoft Visual Studio Solution File, Format Version 12.00
# Visual Studio Version 17
VisualStudioVersion = 17.5.2.0
MinimumVisualStudioVersion = 10.0.40219.1
Project("{FAE04EC0-301F-11D3-BF4B-00C04F79EFBC}") = "Day40LambdaII", "Day40LambdaII.csproj", "{9FE1B214-9A30-3E8A-50EB-2C5B66466F99}"
EndProject
Global
	GlobalSection(SolutionConfigurationPlatforms) = preSolution
		Debug|Any CPU = Debug|Any CPU
		Release|Any CPU = Release|Any CPU
	EndGlobalSection
	GlobalSection(ProjectConfigurationPlatforms) = postSolution
		{9FE1B214-9A30-3E8A-50EB-2C5B66466F99}.Debug|Any CPU.ActiveCfg = Debug|Any CPU
		{9FE1B214-9A30-3E8A-50EB-2C5B66466F99}.Debug|Any CPU.Build.0 = Debug|Any CPU
		{9FE1B214-9A30-3E8A-50EB-2C5B66466F99}.Release|Any CPU.ActiveCfg = Release|Any CPU
		{9FE1B214-9A30-3E8A-50EB-2C5B66466F99}.Release|Any CPU.Build.0 = Release|Any CPU
	EndGlobalSection
	GlobalSection(SolutionProperties) = preSolution
		HideSolutionNode = FALSE
	EndGlobalSection
	GlobalSection(ExtensibilityGlobals) = postSolution
		SolutionGuid = {3875338E-E1D0-48D7-8C35-9A7428212884}
	EndGlobalSection
EndGlobal
