Microsoft Visual Studio Solution File, Format Version 12.00
# Visual Studio Version 17
VisualStudioVersion = 17.5.2.0
MinimumVisualStudioVersion = 10.0.40219.1
Project("{FAE04EC0-301F-11D3-BF4B-00C04F79EFBC}") = "Day06ValidationWithTryCatch", "Day06ValidationWithTryCatch.csproj", "{D6EBA29E-7B38-CC83-5EE9-8995BCFF3AB7}"
EndProject
Global
	GlobalSection(SolutionConfigurationPlatforms) = preSolution
		Debug|Any CPU = Debug|Any CPU
		Release|Any CPU = Release|Any CPU
	EndGlobalSection
	GlobalSection(ProjectConfigurationPlatforms) = postSolution
		{D6EBA29E-7B38-CC83-5EE9-8995BCFF3AB7}.Debug|Any CPU.ActiveCfg = Debug|Any CPU
		{D6EBA29E-7B38-CC83-5EE9-8995BCFF3AB7}.Debug|Any CPU.Build.0 = Debug|Any CPU
		{D6EBA29E-7B38-CC83-5EE9-8995BCFF3AB7}.Release|Any CPU.ActiveCfg = Release|Any CPU
		{D6EBA29E-7B38-CC83-5EE9-8995BCFF3AB7}.Release|Any CPU.Build.0 = Release|Any CPU
	EndGlobalSection
	GlobalSection(SolutionProperties) = preSolution
		HideSolutionNode = FALSE
	EndGlobalSection
	GlobalSection(ExtensibilityGlobals) = postSolution
		SolutionGuid = {61724093-A981-4B29-8050-6688D5FE34C1}
	EndGlobalSection
EndGlobal
